<?xml version="1.0" encoding="UTF-8"?>
<Scheme
   version = "1.3">
   <BuildAction
      parallelizeBuildables = "YES"
      buildImplicitDependencies = "YES">
      <BuildActionEntries>
         <BuildActionEntry
            buildForTesting = "YES"
            buildForRunning = "YES"
            buildForProfiling = "YES"
            buildForArchiving = "YES"
            buildForAnalyzing = "YES">
            <BuildableReference
               BuildableIdentifier = "primary"
               BlueprintIdentifier = "08D1E19F1403B3D000E2B3FB"
               BuildableName = "iAdmiral Lite.app"
               BlueprintName = "iAdmiral Lite"
               ReferencedContainer = "container:BattleInterface.xcodeproj">
            </BuildableReference>
         </BuildActionEntry>
      </BuildActionEntries>
   </BuildAction>
   <TestAction
      selectedDebuggerIdentifier = "Xcode.DebuggerFoundation.Debugger.GDB"
      selectedLauncherIdentifier = "Xcode.DebuggerFoundation.Launcher.GDB"
      shouldUseLaunchSchemeArgsEnv = "YES"
      buildConfiguration = "Debug">
      <Testables>
      </Testables>
   </TestAction>
   <LaunchAction
      selectedDebuggerIdentifier = "Xcode.DebuggerFoundation.Debugger.GDB"
      selectedLauncherIdentifier = "Xcode.DebuggerFoundation.Launcher.GDB"
      displayScaleIsEnabled = "NO"
      displayScale = "1.00"
      launchStyle = "0"
      useCustomWorkingDirectory = "NO"
      buildConfiguration = "Debug">
      <BuildableProductRunnable>
         <BuildableReference
            BuildableIdentifier = "primary"
            BlueprintIdentifier = "08D1E19F1403B3D000E2B3FB"
            BuildableName = "iAdmiral Lite.app"
            BlueprintName = "iAdmiral Lite"
            ReferencedContainer = "container:BattleInterface.xcodeproj">
         </BuildableReference>
      </BuildableProductRunnable>
      <AdditionalOptions>
      </AdditionalOptions>
   </LaunchAction>
   <ProfileAction
      displayScaleIsEnabled = "NO"
      displayScale = "1.00"
      shouldUseLaunchSchemeArgsEnv = "YES"
      savedToolIdentifier = ""
      useCustomWorkingDirectory = "NO"
      buildConfiguration = "Release">
      <BuildableProductRunnable>
         <BuildableReference
            BuildableIdentifier = "primary"
            BlueprintIdentifier = "08D1E19F1403B3D000E2B3FB"
            BuildableName = "iAdmiral Lite.app"
            BlueprintName = "iAdmiral Lite"
            ReferencedContainer = "container:BattleInterface.xcodeproj">
         </BuildableReference>
      </BuildableProductRunnable>
   </ProfileAction>
   <AnalyzeAction
      buildConfiguration = "Debug">
   </AnalyzeAction>
   <ArchiveAction
      buildConfiguration = "Release"
      revealArchiveInOrganizer = "YES">
   </ArchiveAction>
</Scheme>
